
Microsoft Visual Studio Solution File, Format Version 12.00
# Visual Studio Version 16
VisualStudioVersion = 16.0.31205.134
MinimumVisualStudioVersion = 10.0.40219.1
Project("{FAE04EC0-301F-11D3-BF4B-00C04F79EFBC}") = "Registy", "Registy\Registy.csproj", "{F9DFF42C-35F5-41E1-84C5-FF77DC1B880B}"
EndProject
Global
	GlobalSection(SolutionConfigurationPlatforms) = preSolution
		Debug|Any CPU = Debug|Any CPU
		Release|Any CPU = Release|Any CPU
	EndGlobalSection
	GlobalSection(ProjectConfigurationPlatforms) = postSolution
		{F9DFF42C-35F5-41E1-84C5-FF77DC1B880B}.Debug|Any CPU.ActiveCfg = Debug|Any CPU
		{F9DFF42C-35F5-41E1-84C5-FF77DC1B880B}.Debug|Any CPU.Build.0 = Debug|Any CPU
		{F9DFF42C-35F5-41E1-84C5-FF77DC1B880B}.Release|Any CPU.ActiveCfg = Release|Any CPU
		{F9DFF42C-35F5-41E1-84C5-FF77DC1B880B}.Release|Any CPU.Build.0 = Release|Any CPU
	EndGlobalSection
	GlobalSection(SolutionProperties) = preSolution
		HideSolutionNode = FALSE
	EndGlobalSection
	GlobalSection(ExtensibilityGlobals) = postSolution
		SolutionGuid = {9A7D713B-CC52-4B7C-B524-29CE60EBEEB1}
	EndGlobalSection
EndGlobal
